
Microsoft Visual Studio Solution File, Format Version 12.00
# Visual Studio Version 16
VisualStudioVersion = 16.0.30114.105
MinimumVisualStudioVersion = 10.0.40219.1
Project("{FAE04EC0-301F-11D3-BF4B-00C04F79EFBC}") = "StoreCsharp", "StoreCsharp\StoreCsharp.csproj", "{CAEFD2A0-8502-427A-9C85-D3FBDAB9E157}"
EndProject
Global
	GlobalSection(SolutionConfigurationPlatforms) = preSolution
		Debug|Any CPU = Debug|Any CPU
		Release|Any CPU = Release|Any CPU
	EndGlobalSection
	GlobalSection(ProjectConfigurationPlatforms) = postSolution
		{CAEFD2A0-8502-427A-9C85-D3FBDAB9E157}.Debug|Any CPU.ActiveCfg = Debug|Any CPU
		{CAEFD2A0-8502-427A-9C85-D3FBDAB9E157}.Debug|Any CPU.Build.0 = Debug|Any CPU
		{CAEFD2A0-8502-427A-9C85-D3FBDAB9E157}.Release|Any CPU.ActiveCfg = Release|Any CPU
		{CAEFD2A0-8502-427A-9C85-D3FBDAB9E157}.Release|Any CPU.Build.0 = Release|Any CPU
	EndGlobalSection
	GlobalSection(SolutionProperties) = preSolution
		HideSolutionNode = FALSE
	EndGlobalSection
	GlobalSection(ExtensibilityGlobals) = postSolution
		SolutionGuid = {4E6E021D-A426-44FE-9CFF-B71A7F8A4A94}
	EndGlobalSection
EndGlobal
